// !$*UTF8*$!
{
	archiveVersion = 1;
	classes = {
	};
	objectVersion = 56;
	objects = {

/* Begin PBXBuildFile section */
		9E48A8392A2782150006205E /* Card.swift in Sources */ = {isa = PBXBuildFile; fileRef = 9E48A8382A2782150006205E /* Card.swift */; };
		9E48A83B2A2782630006205E /* ConcentrationGame.swift in Sources */ = {isa = PBXBuildFile; fileRef = 9E48A83A2A2782630006205E /* ConcentrationGame.swift */; };
		9E8099572A24D3A1002BA140 /* AppDelegate.swift in Sources */ = {isa = PBXBuildFile; fileRef = 9E8099562A24D3A1002BA140 /* AppDelegate.swift */; };
		9E8099592A24D3A1002BA140 /* SceneDelegate.swift in Sources */ = {isa = PBXBuildFile; fileRef = 9E8099582A24D3A1002BA140 /* SceneDelegate.swift */; };
		9E80995B2A24D3A1002BA140 /* ViewController.swift in Sources */ = {isa = PBXBuildFile; fileRef = 9E80995A2A24D3A1002BA140 /* ViewController.swift */; };
		9E80995E2A24D3A2002BA140 /* Main.storyboard in Resources */ = {isa = PBXBuildFile; fileRef = 9E80995C2A24D3A2002BA140 /* Main.storyboard */; };
		9E8099602A24D3A2002BA140 /* Assets.xcassets in Resources */ = {isa = PBXBuildFile; fileRef = 9E80995F2A24D3A2002BA140 /* Assets.xcassets */; };
		9E8099632A24D3A2002BA140 /* LaunchScreen.storyboard in Resources */ = {isa = PBXBuildFile; fileRef = 9E8099612A24D3A2002BA140 /* LaunchScreen.storyboard */; };
		9E80996E2A24D3A2002BA140 /* ConcentrationTests.swift in Sources */ = {isa = PBXBuildFile; fileRef = 9E80996D2A24D3A2002BA140 /* ConcentrationTests.swift */; };
		9E8099782A24D3A2002BA140 /* ConcentrationUITests.swift in Sources */ = {isa = PBXBuildFile; fileRef = 9E8099772A24D3A2002BA140 /* ConcentrationUITests.swift */; };
		9E80997A2A24D3A2002BA140 /* ConcentrationUITestsLaunchTests.swift in Sources */ = {isa = PBXBuildFile; fileRef = 9E8099792A24D3A2002BA140 /* ConcentrationUITestsLaunchTests.swift */; };
/* End PBXBuildFile section */

/* Begin PBXContainerItemProxy section */
		9E80996A2A24D3A2002BA140 /* PBXContainerItemProxy */ = {
			isa = PBXContainerItemProxy;
			containerPortal = 9E80994B2A24D3A1002BA140 /* Project object */;
			proxyType = 1;
			remoteGlobalIDString = 9E8099522A24D3A1002BA140;
			remoteInfo = Concentration;
		};
		9E8099742A24D3A2002BA140 /* PBXContainerItemProxy */ = {
			isa = PBXContainerItemProxy;
			containerPortal = 9E80994B2A24D3A1002BA140 /* Project object */;
			proxyType = 1;
			remoteGlobalIDString = 9E8099522A24D3A1002BA140;
			remoteInfo = Concentration;
		};
/* End PBXContainerItemProxy section */

/* Begin PBXFileReference section */
		9E48A8382A2782150006205E /* Card.swift */ = {isa = PBXFileReference; lastKnownFileType = sourcecode.swift; path = Card.swift; sourceTree = "<group>"; };
		9E48A83A2A2782630006205E /* ConcentrationGame.swift */ = {isa = PBXFileReference; lastKnownFileType = sourcecode.swift; path = ConcentrationGame.swift; sourceTree = "<group>"; };
		9E8099532A24D3A1002BA140 /* Concentration.app */ = {isa = PBXFileReference; explicitFileType = wrapper.application; includeInIndex = 0; path = Concentration.app; sourceTree = BUILT_PRODUCTS_DIR; };
		9E8099562A24D3A1002BA140 /* AppDelegate.swift */ = {isa = PBXFileReference; lastKnownFileType = sourcecode.swift; path = AppDelegate.swift; sourceTree = "<group>"; };
		9E8099582A24D3A1002BA140 /* SceneDelegate.swift */ = {isa = PBXFileReference; lastKnownFileType = sourcecode.swift; path = SceneDelegate.swift; sourceTree = "<group>"; };
		9E80995A2A24D3A1002BA140 /* ViewController.swift */ = {isa = PBXFileReference; lastKnownFileType = sourcecode.swift; path = ViewController.swift; sourceTree = "<group>"; };
		9E80995D2A24D3A2002BA140 /* Base */ = {isa = PBXFileReference; lastKnownFileType = file.storyboard; name = Base; path = Base.lproj/Main.storyboard; sourceTree = "<group>"; };
		9E80995F2A24D3A2002BA140 /* Assets.xcassets */ = {isa = PBXFileReference; lastKnownFileType = folder.assetcatalog; path = Assets.xcassets; sourceTree = "<group>"; };
		9E8099622A24D3A2002BA140 /* Base */ = {isa = PBXFileReference; lastKnownFileType = file.storyboard; name = Base; path = Base.lproj/LaunchScreen.storyboard; sourceTree = "<group>"; };
		9E8099642A24D3A2002BA140 /* Info.plist */ = {isa = PBXFileReference; lastKnownFileType = text.plist.xml; path = Info.plist; sourceTree = "<group>"; };
		9E8099692A24D3A2002BA140 /* ConcentrationTests.xctest */ = {isa = PBXFileReference; explicitFileType = wrapper.cfbundle; includeInIndex = 0; path = ConcentrationTests.xctest; sourceTree = BUILT_PRODUCTS_DIR; };
		9E80996D2A24D3A2002BA140 /* ConcentrationTests.swift */ = {isa = PBXFileReference; lastKnownFileType = sourcecode.swift; path = ConcentrationTests.swift; sourceTree = "<group>"; };
		9E8099732A24D3A2002BA140 /* ConcentrationUITests.xctest */ = {isa = PBXFileReference; explicitFileType = wrapper.cfbundle; includeInIndex = 0; path = ConcentrationUITests.xctest; sourceTree = BUILT_PRODUCTS_DIR; };
		9E8099772A24D3A2002BA140 /* ConcentrationUITests.swift */ = {isa = PBXFileReference; lastKnownFileType = sourcecode.swift; path = ConcentrationUITests.swift; sourceTree = "<group>"; };
		9E8099792A24D3A2002BA140 /* ConcentrationUITestsLaunchTests.swift */ = {isa = PBXFileReference; lastKnownFileType = sourcecode.swift; path = ConcentrationUITestsLaunchTests.swift; sourceTree = "<group>"; };
/* End PBXFileReference section */

/* Begin PBXFrameworksBuildPhase section */
		9E8099502A24D3A1002BA140 /* Frameworks */ = {
			isa = PBXFrameworksBuildPhase;
			buildActionMask = 2147483647;
			files = (
			);
			runOnlyForDeploymentPostprocessing = 0;
		};
		9E8099662A24D3A2002BA140 /* Frameworks */ = {
			isa = PBXFrameworksBuildPhase;
			buildActionMask = 2147483647;
			files = (
			);
			runOnlyForDeploymentPostprocessing = 0;
		};
		9E8099702A24D3A2002BA140 /* Frameworks */ = {
			isa = PBXFrameworksBuildPhase;
			buildActionMask = 2147483647;
			files = (
			);
			runOnlyForDeploymentPostprocessing = 0;
		};
/* End PBXFrameworksBuildPhase section */

/* Begin PBXGroup section */
		9E8032162B6ECC2B00DBDC75 /* Other */ = {
			isa = PBXGroup;
			children = (
				9E8099562A24D3A1002BA140 /* AppDelegate.swift */,
				9E8099582A24D3A1002BA140 /* SceneDelegate.swift */,
				9E80995C2A24D3A2002BA140 /* Main.storyboard */,
				9E80995F2A24D3A2002BA140 /* Assets.xcassets */,
				9E8099612A24D3A2002BA140 /* LaunchScreen.storyboard */,
			);
			path = Other;
			sourceTree = "<group>";
		};
		9E80994A2A24D3A1002BA140 = {
			isa = PBXGroup;
			children = (
				9E8099552A24D3A1002BA140 /* Concentration */,
				9E80996C2A24D3A2002BA140 /* ConcentrationTests */,
				9E8099762A24D3A2002BA140 /* ConcentrationUITests */,
				9E8099542A24D3A1002BA140 /* Products */,
			);
			sourceTree = "<group>";
		};
		9E8099542A24D3A1002BA140 /* Products */ = {
			isa = PBXGroup;
			children = (
				9E8099532A24D3A1002BA140 /* Concentration.app */,
				9E8099692A24D3A2002BA140 /* ConcentrationTests.xctest */,
				9E8099732A24D3A2002BA140 /* ConcentrationUITests.xctest */,
			);
			name = Products;
			sourceTree = "<group>";
		};
		9E8099552A24D3A1002BA140 /* Concentration */ = {
			isa = PBXGroup;
			children = (
				9E48A83A2A2782630006205E /* ConcentrationGame.swift */,
				9E48A8382A2782150006205E /* Card.swift */,
				9E80995A2A24D3A1002BA140 /* ViewController.swift */,
				9E8032162B6ECC2B00DBDC75 /* Other */,
				9E8099642A24D3A2002BA140 /* Info.plist */,
			);
			path = Concentration;
			sourceTree = "<group>";
		};
		9E80996C2A24D3A2002BA140 /* ConcentrationTests */ = {
			isa = PBXGroup;
			children = (
				9E80996D2A24D3A2002BA140 /* ConcentrationTests.swift */,
			);
			path = ConcentrationTests;
			sourceTree = "<group>";
		};
		9E8099762A24D3A2002BA140 /* ConcentrationUITests */ = {
			isa = PBXGroup;
			children = (
				9E8099772A24D3A2002BA140 /* ConcentrationUITests.swift */,
				9E8099792A24D3A2002BA140 /* ConcentrationUITestsLaunchTests.swift */,
			);
			path = ConcentrationUITests;
			sourceTree = "<group>";
		};
/* End PBXGroup section */

/* Begin PBXNativeTarget section */
		9E8099522A24D3A1002BA140 /* Concentration */ = {
			isa = PBXNativeTarget;
			buildConfigurationList = 9E80997D2A24D3A2002BA140 /* Build configuration list for PBXNativeTarget "Concentration" */;
			buildPhases = (
				9E80994F2A24D3A1002BA140 /* Sources */,
				9E8099502A24D3A1002BA140 /* Frameworks */,
				9E8099512A24D3A1002BA140 /* Resources */,
			);
			buildRules = (
			);
			dependencies = (
			);
			name = Concentration;
			productName = Concentration;
			productReference = 9E8099532A24D3A1002BA140 /* Concentration.app */;
			productType = "com.apple.product-type.application";
		};
		9E8099682A24D3A2002BA140 /* ConcentrationTests */ = {
			isa = PBXNativeTarget;
			buildConfigurationList = 9E8099802A24D3A2002BA140 /* Build configuration list for PBXNativeTarget "ConcentrationTests" */;
			buildPhases = (
				9E8099652A24D3A2002BA140 /* Sources */,
				9E8099662A24D3A2002BA140 /* Frameworks */,
				9E8099672A24D3A2002BA140 /* Resources */,
			);
			buildRules = (
			);
			dependencies = (
				9E80996B2A24D3A2002BA140 /* PBXTargetDependency */,
			);
			name = ConcentrationTests;
			productName = ConcentrationTests;
			productReference = 9E8099692A24D3A2002BA140 /* ConcentrationTests.xctest */;
			productType = "com.apple.product-type.bundle.unit-test";
		};
		9E8099722A24D3A2002BA140 /* ConcentrationUITests */ = {
			isa = PBXNativeTarget;
			buildConfigurationList = 9E8099832A24D3A2002BA140 /* Build configuration list for PBXNativeTarget "ConcentrationUITests" */;
			buildPhases = (
				9E80996F2A24D3A2002BA140 /* Sources */,
				9E8099702A24D3A2002BA140 /* Frameworks */,
				9E8099712A24D3A2002BA140 /* Resources */,
			);
			buildRules = (
			);
			dependencies = (
				9E8099752A24D3A2002BA140 /* PBXTargetDependency */,
			);
			name = ConcentrationUITests;
			productName = ConcentrationUITests;
			productReference = 9E8099732A24D3A2002BA140 /* ConcentrationUITests.xctest */;
			productType = "com.apple.product-type.bundle.ui-testing";
		};
/* End PBXNativeTarget section */

/* Begin PBXProject section */
		9E80994B2A24D3A1002BA140 /* Project object */ = {
			isa = PBXProject;
			attributes = {
				BuildIndependentTargetsInParallel = 1;
				LastSwiftUpdateCheck = 1430;
				LastUpgradeCheck = 1510;
				TargetAttributes = {
					9E8099522A24D3A1002BA140 = {
						CreatedOnToolsVersion = 14.3;
					};
					9E8099682A24D3A2002BA140 = {
						CreatedOnToolsVersion = 14.3;
						TestTargetID = 9E8099522A24D3A1002BA140;
					};
					9E8099722A24D3A2002BA140 = {
						CreatedOnToolsVersion = 14.3;
						TestTargetID = 9E8099522A24D3A1002BA140;
					};
				};
			};
			buildConfigurationList = 9E80994E2A24D3A1002BA140 /* Build configuration list for PBXProject "Concentration" */;
			compatibilityVersion = "Xcode 14.0";
			developmentRegion = en;
			hasScannedForEncodings = 0;
			knownRegions = (
				en,
				Base,
			);
			mainGroup = 9E80994A2A24D3A1002BA140;
			productRefGroup = 9E8099542A24D3A1002BA140 /* Products */;
			projectDirPath = "";
			projectRoot = "";
			targets = (
				9E8099522A24D3A1002BA140 /* Concentration */,
				9E8099682A24D3A2002BA140 /* ConcentrationTests */,
				9E8099722A24D3A2002BA140 /* ConcentrationUITests */,
			);
		};
/* End PBXProject section */

/* Begin PBXResourcesBuildPhase section */
		9E8099512A24D3A1002BA140 /* Resources */ = {
			isa = PBXResourcesBuildPhase;
			buildActionMask = 2147483647;
			files = (
				9E8099632A24D3A2002BA140 /* LaunchScreen.storyboard in Resources */,
				9E8099602A24D3A2002BA140 /* Assets.xcassets in Resources */,
				9E80995E2A24D3A2002BA140 /* Main.storyboard in Resources */,
			);
			runOnlyForDeploymentPostprocessing = 0;
		};
		9E8099672A24D3A2002BA140 /* Resources */ = {
			isa = PBXResourcesBuildPhase;
			buildActionMask = 2147483647;
			files = (
			);
			runOnlyForDeploymentPostprocessing = 0;
		};
		9E8099712A24D3A2002BA140 /* Resources */ = {
			isa = PBXResourcesBuildPhase;
			buildActionMask = 2147483647;
			files = (
			);
			runOnlyForDeploymentPostprocessing = 0;
		};
/* End PBXResourcesBuildPhase section */

/* Begin PBXSourcesBuildPhase section */
		9E80994F2A24D3A1002BA140 /* Sources */ = {
			isa = PBXSourcesBuildPhase;
			buildActionMask = 2147483647;
			files = (
				9E80995B2A24D3A1002BA140 /* ViewController.swift in Sources */,
				9E8099572A24D3A1002BA140 /* AppDelegate.swift in Sources */,
				9E48A83B2A2782630006205E /* ConcentrationGame.swift in Sources */,
				9E8099592A24D3A1002BA140 /* SceneDelegate.swift in Sources */,
				9E48A8392A2782150006205E /* Card.swift in Sources */,
			);
			runOnlyForDeploymentPostprocessing = 0;
		};
		9E8099652A24D3A2002BA140 /* Sources */ = {
			isa = PBXSourcesBuildPhase;
			buildActionMask = 2147483647;
			files = (
				9E80996E2A24D3A2002BA140 /* ConcentrationTests.swift in Sources */,
			);
			runOnlyForDeploymentPostprocessing = 0;
		};
		9E80996F2A24D3A2002BA140 /* Sources */ = {
			isa = PBXSourcesBuildPhase;
			buildActionMask = 2147483647;
			files = (
				9E80997A2A24D3A2002BA140 /* ConcentrationUITestsLaunchTests.swift in Sources */,
				9E8099782A24D3A2002BA140 /* ConcentrationUITests.swift in Sources */,
			);
			runOnlyForDeploymentPostprocessing = 0;
		};
/* End PBXSourcesBuildPhase section */

/* Begin PBXTargetDependency section */
		9E80996B2A24D3A2002BA140 /* PBXTargetDependency */ = {
			isa = PBXTargetDependency;
			target = 9E8099522A24D3A1002BA140 /* Concentration */;
			targetProxy = 9E80996A2A24D3A2002BA140 /* PBXContainerItemProxy */;
		};
		9E8099752A24D3A2002BA140 /* PBXTargetDependency */ = {
			isa = PBXTargetDependency;
			target = 9E8099522A24D3A1002BA140 /* Concentration */;
			targetProxy = 9E8099742A24D3A2002BA140 /* PBXContainerItemProxy */;
		};
/* End PBXTargetDependency section */

/* Begin PBXVariantGroup section */
		9E80995C2A24D3A2002BA140 /* Main.storyboard */ = {
			isa = PBXVariantGroup;
			children = (
				9E80995D2A24D3A2002BA140 /* Base */,
			);
			name = Main.storyboard;
			sourceTree = "<group>";
		};
		9E8099612A24D3A2002BA140 /* LaunchScreen.storyboard */ = {
			isa = PBXVariantGroup;
			children = (
				9E8099622A24D3A2002BA140 /* Base */,
			);
			name = LaunchScreen.storyboard;
			sourceTree = "<group>";
		};
/* End PBXVariantGroup section */

/* Begin XCBuildConfiguration section */
		9E80997B2A24D3A2002BA140 /* Debug */ = {
			isa = XCBuildConfiguration;
			buildSettings = {
				ALWAYS_SEARCH_USER_PATHS = NO;
				ASSETCATALOG_COMPILER_GENERATE_SWIFT_ASSET_SYMBOL_EXTENSIONS = YES;
				CLANG_ANALYZER_NONNULL = YES;
				CLANG_ANALYZER_NUMBER_OBJECT_CONVERSION = YES_AGGRESSIVE;
				CLANG_CXX_LANGUAGE_STANDARD = "gnu++20";
				CLANG_ENABLE_MODULES = YES;
				CLANG_ENABLE_OBJC_ARC = YES;
				CLANG_ENABLE_OBJC_WEAK = YES;
				CLANG_WARN_BLOCK_CAPTURE_AUTORELEASING = YES;
				CLANG_WARN_BOOL_CONVERSION = YES;
				CLANG_WARN_COMMA = YES;
				CLANG_WARN_CONSTANT_CONVERSION = YES;
				CLANG_WARN_DEPRECATED_OBJC_IMPLEMENTATIONS = YES;
				CLANG_WARN_DIRECT_OBJC_ISA_USAGE = YES_ERROR;
				CLANG_WARN_DOCUMENTATION_COMMENTS = YES;
				CLANG_WARN_EMPTY_BODY = YES;
				CLANG_WARN_ENUM_CONVERSION = YES;
				CLANG_WARN_INFINITE_RECURSION = YES;
				CLANG_WARN_INT_CONVERSION = YES;
				CLANG_WARN_NON_LITERAL_NULL_CONVERSION = YES;
				CLANG_WARN_OBJC_IMPLICIT_RETAIN_SELF = YES;
				CLANG_WARN_OBJC_LITERAL_CONVERSION = YES;
				CLANG_WARN_OBJC_ROOT_CLASS = YES_ERROR;
				CLANG_WARN_QUOTED_INCLUDE_IN_FRAMEWORK_HEADER = YES;
				CLANG_WARN_RANGE_LOOP_ANALYSIS = YES;
				CLANG_WARN_STRICT_PROTOTYPES = YES;
				CLANG_WARN_SUSPICIOUS_MOVE = YES;
				CLANG_WARN_UNGUARDED_AVAILABILITY = YES_AGGRESSIVE;
				CLANG_WARN_UNREACHABLE_CODE = YES;
				CLANG_WARN__DUPLICATE_METHOD_MATCH = YES;
				COPY_PHASE_STRIP = NO;
				DEBUG_INFORMATION_FORMAT = dwarf;
				ENABLE_STRICT_OBJC_MSGSEND = YES;
				ENABLE_TESTABILITY = YES;
				ENABLE_USER_SCRIPT_SANDBOXING = YES;
				GCC_C_LANGUAGE_STANDARD = gnu11;
				GCC_DYNAMIC_NO_PIC = NO;
				GCC_NO_COMMON_BLOCKS = YES;
				GCC_OPTIMIZATION_LEVEL = 0;
				GCC_PREPROCESSOR_DEFINITIONS = (
					"DEBUG=1",
					"$(inherited)",
				);
				GCC_WARN_64_TO_32_BIT_CONVERSION = YES;
				GCC_WARN_ABOUT_RETURN_TYPE = YES_ERROR;
				GCC_WARN_UNDECLARED_SELECTOR = YES;
				GCC_WARN_UNINITIALIZED_AUTOS = YES_AGGRESSIVE;
				GCC_WARN_UNUSED_FUNCTION = YES;
				GCC_WARN_UNUSED_VARIABLE = YES;
				IPHONEOS_DEPLOYMENT_TARGET = 16.4;
				MTL_ENABLE_DEBUG_INFO = INCLUDE_SOURCE;
				MTL_FAST_MATH = YES;
				ONLY_ACTIVE_ARCH = YES;
				SDKROOT = iphoneos;
				SWIFT_ACTIVE_COMPILATION_CONDITIONS = DEBUG;
				SWIFT_OPTIMIZATION_LEVEL = "-Onone";
			};
			name = Debug;
		};
		9E80997C2A24D3A2002BA140 /* Release */ = {
			isa = XCBuildConfiguration;
			buildSettings = {
				ALWAYS_SEARCH_USER_PATHS = NO;
				ASSETCATALOG_COMPILER_GENERATE_SWIFT_ASSET_SYMBOL_EXTENSIONS = YES;
				CLANG_ANALYZER_NONNULL = YES;
				CLANG_ANALYZER_NUMBER_OBJECT_CONVERSION = YES_AGGRESSIVE;
				CLANG_CXX_LANGUAGE_STANDARD = "gnu++20";
				CLANG_ENABLE_MODULES = YES;
				CLANG_ENABLE_OBJC_ARC = YES;
				CLANG_ENABLE_OBJC_WEAK = YES;
				CLANG_WARN_BLOCK_CAPTURE_AUTORELEASING = YES;
				CLANG_WARN_BOOL_CONVERSION = YES;
				CLANG_WARN_COMMA = YES;
				CLANG_WARN_CONSTANT_CONVERSION = YES;
				CLANG_WARN_DEPRECATED_OBJC_IMPLEMENTATIONS = YES;
				CLANG_WARN_DIRECT_OBJC_ISA_USAGE = YES_ERROR;
				CLANG_WARN_DOCUMENTATION_COMMENTS = YES;
				CLANG_WARN_EMPTY_BODY = YES;
				CLANG_WARN_ENUM_CONVERSION = YES;
				CLANG_WARN_INFINITE_RECURSION = YES;
				CLANG_WARN_INT_CONVERSION = YES;
				CLANG_WARN_NON_LITERAL_NULL_CONVERSION = YES;
				CLANG_WARN_OBJC_IMPLICIT_RETAIN_SELF = YES;
				CLANG_WARN_OBJC_LITERAL_CONVERSION = YES;
				CLANG_WARN_OBJC_ROOT_CLASS = YES_ERROR;
				CLANG_WARN_QUOTED_INCLUDE_IN_FRAMEWORK_HEADER = YES;
				CLANG_WARN_RANGE_LOOP_ANALYSIS = YES;
				CLANG_WARN_STRICT_PROTOTYPES = YES;
				CLANG_WARN_SUSPICIOUS_MOVE = YES;
				CLANG_WARN_UNGUARDED_AVAILABILITY = YES_AGGRESSIVE;
				CLANG_WARN_UNREACHABLE_CODE = YES;
				CLANG_WARN__DUPLICATE_METHOD_MATCH = YES;
				COPY_PHASE_STRIP = NO;
				DEBUG_INFORMATION_FORMAT = "dwarf-with-dsym";
				ENABLE_NS_ASSERTIONS = NO;
				ENABLE_STRICT_OBJC_MSGSEND = YES;
				ENABLE_USER_SCRIPT_SANDBOXING = YES;
				GCC_C_LANGUAGE_STANDARD = gnu11;
				GCC_NO_COMMON_BLOCKS = YES;
				GCC_WARN_64_TO_32_BIT_CONVERSION = YES;
				GCC_WARN_ABOUT_RETURN_TYPE = YES_ERROR;
				GCC_WARN_UNDECLARED_SELECTOR = YES;
				GCC_WARN_UNINITIALIZED_AUTOS = YES_AGGRESSIVE;
				GCC_WARN_UNUSED_FUNCTION = YES;
				GCC_WARN_UNUSED_VARIABLE = YES;
				IPHONEOS_DEPLOYMENT_TARGET = 16.4;
				MTL_ENABLE_DEBUG_INFO = NO;
				MTL_FAST_MATH = YES;
				SDKROOT = iphoneos;
				SWIFT_COMPILATION_MODE = wholemodule;
				SWIFT_OPTIMIZATION_LEVEL = "-O";
				VALIDATE_PRODUCT = YES;
			};
			name = Release;
		};
		9E80997E2A24D3A2002BA140 /* Debug */ = {
			isa = XCBuildConfiguration;
			buildSettings = {
				ASSETCATALOG_COMPILER_APPICON_NAME = AppIcon;
				ASSETCATALOG_COMPILER_GLOBAL_ACCENT_COLOR_NAME = AccentColor;
				CODE_SIGN_STYLE = Automatic;
				CURRENT_PROJECT_VERSION = 1;
				DEVELOPMENT_TEAM = KC5QBL2F3G;
				GENERATE_INFOPLIST_FILE = YES;
				INFOPLIST_FILE = Concentration/Info.plist;
				INFOPLIST_KEY_CFBundleDisplayName = Concentration;
				INFOPLIST_KEY_UIApplicationSupportsIndirectInputEvents = YES;
				INFOPLIST_KEY_UIMainStoryboardFile = Main;
				INFOPLIST_KEY_UISupportedInterfaceOrientations_iPad = UIInterfaceOrientationPortrait;
				INFOPLIST_KEY_UISupportedInterfaceOrientations_iPhone = UIInterfaceOrientationPortrait;
				IPHONEOS_DEPLOYMENT_TARGET = 16.4;
				LD_RUNPATH_SEARCH_PATHS = (
					"$(inherited)",
					"@executable_path/Frameworks",
				);
				MARKETING_VERSION = 1.0;
				PRODUCT_BUNDLE_IDENTIFIER = com.bulat.Concentration;
				PRODUCT_NAME = "$(TARGET_NAME)";
				SUPPORTED_PLATFORMS = "iphoneos iphonesimulator";
				SUPPORTS_MACCATALYST = NO;
				SWIFT_EMIT_LOC_STRINGS = YES;
				SWIFT_VERSION = 5.0;
				TARGETED_DEVICE_FAMILY = 1;
			};
			name = Debug;
		};
		9E80997F2A24D3A2002BA140 /* Release */ = {
			isa = XCBuildConfiguration;
			buildSettings = {
				ASSETCATALOG_COMPILER_APPICON_NAME = AppIcon;
				ASSETCATALOG_COMPILER_GLOBAL_ACCENT_COLOR_NAME = AccentColor;
				CODE_SIGN_STYLE = Automatic;
				CURRENT_PROJECT_VERSION = 1;
				DEVELOPMENT_TEAM = KC5QBL2F3G;
				GENERATE_INFOPLIST_FILE = YES;
				INFOPLIST_FILE = Concentration/Info.plist;
				INFOPLIST_KEY_CFBundleDisplayName = Concentration;
				INFOPLIST_KEY_UIApplicationSupportsIndirectInputEvents = YES;
				INFOPLIST_KEY_UIMainStoryboardFile = Main;
				INFOPLIST_KEY_UISupportedInterfaceOrientations_iPad = UIInterfaceOrientationPortrait;
				INFOPLIST_KEY_UISupportedInterfaceOrientations_iPhone = UIInterfaceOrientationPortrait;
				IPHONEOS_DEPLOYMENT_TARGET = 16.4;
				LD_RUNPATH_SEARCH_PATHS = (
					"$(inherited)",
					"@executable_path/Frameworks",
				);
				MARKETING_VERSION = 1.0;
				PRODUCT_BUNDLE_IDENTIFIER = com.bulat.Concentration;
				PRODUCT_NAME = "$(TARGET_NAME)";
				SUPPORTED_PLATFORMS = "iphoneos iphonesimulator";
				SUPPORTS_MACCATALYST = NO;
				SWIFT_EMIT_LOC_STRINGS = YES;
				SWIFT_VERSION = 5.0;
				TARGETED_DEVICE_FAMILY = 1;
			};
			name = Release;
		};
		9E8099812A24D3A2002BA140 /* Debug */ = {
			isa = XCBuildConfiguration;
			buildSettings = {
				ALWAYS_EMBED_SWIFT_STANDARD_LIBRARIES = YES;
				BUNDLE_LOADER = "$(TEST_HOST)";
				CODE_SIGN_STYLE = Automatic;
				CURRENT_PROJECT_VERSION = 1;
				DEVELOPMENT_TEAM = KC5QBL2F3G;
				GENERATE_INFOPLIST_FILE = YES;
				IPHONEOS_DEPLOYMENT_TARGET = 16.4;
				MARKETING_VERSION = 1.0;
				PRODUCT_BUNDLE_IDENTIFIER = com.bulat.ConcentrationTests;
				PRODUCT_NAME = "$(TARGET_NAME)";
				SWIFT_EMIT_LOC_STRINGS = NO;
				SWIFT_VERSION = 5.0;
				TARGETED_DEVICE_FAMILY = "1,2";
				TEST_HOST = "$(BUILT_PRODUCTS_DIR)/Concentration.app/$(BUNDLE_EXECUTABLE_FOLDER_PATH)/Concentration";
			};
			name = Debug;
		};
		9E8099822A24D3A2002BA140 /* Release */ = {
			isa = XCBuildConfiguration;
			buildSettings = {
				ALWAYS_EMBED_SWIFT_STANDARD_LIBRARIES = YES;
				BUNDLE_LOADER = "$(TEST_HOST)";
				CODE_SIGN_STYLE = Automatic;
				CURRENT_PROJECT_VERSION = 1;
				DEVELOPMENT_TEAM = KC5QBL2F3G;
				GENERATE_INFOPLIST_FILE = YES;
				IPHONEOS_DEPLOYMENT_TARGET = 16.4;
				MARKETING_VERSION = 1.0;
				PRODUCT_BUNDLE_IDENTIFIER = com.bulat.ConcentrationTests;
				PRODUCT_NAME = "$(TARGET_NAME)";
				SWIFT_EMIT_LOC_STRINGS = NO;
				SWIFT_VERSION = 5.0;
				TARGETED_DEVICE_FAMILY = "1,2";
				TEST_HOST = "$(BUILT_PRODUCTS_DIR)/Concentration.app/$(BUNDLE_EXECUTABLE_FOLDER_PATH)/Concentration";
			};
			name = Release;
		};
		9E8099842A24D3A2002BA140 /* Debug */ = {
			isa = XCBuildConfiguration;
			buildSettings = {
				ALWAYS_EMBED_SWIFT_STANDARD_LIBRARIES = YES;
				CODE_SIGN_STYLE = Automatic;
				CURRENT_PROJECT_VERSION = 1;
				DEVELOPMENT_TEAM = KC5QBL2F3G;
				GENERATE_INFOPLIST_FILE = YES;
				MARKETING_VERSION = 1.0;
				PRODUCT_BUNDLE_IDENTIFIER = com.bulat.ConcentrationUITests;
				PRODUCT_NAME = "$(TARGET_NAME)";
				SWIFT_EMIT_LOC_STRINGS = NO;
				SWIFT_VERSION = 5.0;
				TARGETED_DEVICE_FAMILY = "1,2";
				TEST_TARGET_NAME = Concentration;
			};
			name = Debug;
		};
		9E8099852A24D3A2002BA140 /* Release */ = {
			isa = XCBuildConfiguration;
			buildSettings = {
				ALWAYS_EMBED_SWIFT_STANDARD_LIBRARIES = YES;
				CODE_SIGN_STYLE = Automatic;
				CURRENT_PROJECT_VERSION = 1;
				DEVELOPMENT_TEAM = KC5QBL2F3G;
				GENERATE_INFOPLIST_FILE = YES;
				MARKETING_VERSION = 1.0;
				PRODUCT_BUNDLE_IDENTIFIER = com.bulat.ConcentrationUITests;
				PRODUCT_NAME = "$(TARGET_NAME)";
				SWIFT_EMIT_LOC_STRINGS = NO;
				SWIFT_VERSION = 5.0;
				TARGETED_DEVICE_FAMILY = "1,2";
				TEST_TARGET_NAME = Concentration;
			};
			name = Release;
		};
/* End XCBuildConfiguration section */

/* Begin XCConfigurationList section */
		9E80994E2A24D3A1002BA140 /* Build configuration list for PBXProject "Concentration" */ = {
			isa = XCConfigurationList;
			buildConfigurations = (
				9E80997B2A24D3A2002BA140 /* Debug */,
				9E80997C2A24D3A2002BA140 /* Release */,
			);
			defaultConfigurationIsVisible = 0;
			defaultConfigurationName = Release;
		};
		9E80997D2A24D3A2002BA140 /* Build configuration list for PBXNativeTarget "Concentration" */ = {
			isa = XCConfigurationList;
			buildConfigurations = (
				9E80997E2A24D3A2002BA140 /* Debug */,
				9E80997F2A24D3A2002BA140 /* Release */,
			);
			defaultConfigurationIsVisible = 0;
			defaultConfigurationName = Release;
		};
		9E8099802A24D3A2002BA140 /* Build configuration list for PBXNativeTarget "ConcentrationTests" */ = {
			isa = XCConfigurationList;
			buildConfigurations = (
				9E8099812A24D3A2002BA140 /* Debug */,
				9E8099822A24D3A2002BA140 /* Release */,
			);
			defaultConfigurationIsVisible = 0;
			defaultConfigurationName = Release;
		};
		9E8099832A24D3A2002BA140 /* Build configuration list for PBXNativeTarget "ConcentrationUITests" */ = {
			isa = XCConfigurationList;
			buildConfigurations = (
				9E8099842A24D3A2002BA140 /* Debug */,
				9E8099852A24D3A2002BA140 /* Release */,
			);
			defaultConfigurationIsVisible = 0;
			defaultConfigurationName = Release;
		};
/* End XCConfigurationList section */
	};
	rootObject = 9E80994B2A24D3A1002BA140 /* Project object */;
}
